
Microsoft Visual Studio Solution File, Format Version 12.00
# Visual Studio Version 17
VisualStudioVersion = 17.10.35013.160
MinimumVisualStudioVersion = 10.0.40219.1
Project("{9A19103F-16F7-4668-BE54-9A1E7A4F7556}") = "NotifMe", "NotifMe.csproj", "{568A75C1-E75D-4245-903B-496DAFE27AF8}"
EndProject
Project("{B7DD6F7E-DEF8-4E67-B5B7-07EF123DB6F0}") = "setup", "..\setup\setup.wixproj", "{50B50D08-3672-40E1-9848-DC7E4FF54535}"
	ProjectSection(ProjectDependencies) = postProject
		{C582E7C7-D75F-4106-ADB0-518C54C454F6} = {C582E7C7-D75F-4106-ADB0-518C54C454F6}
	EndProjectSection
EndProject
Project("{B7DD6F7E-DEF8-4E67-B5B7-07EF123DB6F0}") = "SetupNotifMe", "..\bundle\SetupNotifMe.wixproj", "{EC3466AE-8016-452E-816C-BE9DAF746166}"
	ProjectSection(ProjectDependencies) = postProject
		{50B50D08-3672-40E1-9848-DC7E4FF54535} = {50B50D08-3672-40E1-9848-DC7E4FF54535}
	EndProjectSection
EndProject
Project("{FAE04EC0-301F-11D3-BF4B-00C04F79EFBC}") = "NtfyService", "..\NtfyService\NtfyService.csproj", "{C582E7C7-D75F-4106-ADB0-518C54C454F6}"
EndProject
Global
	GlobalSection(SolutionConfigurationPlatforms) = preSolution
		Debug|Any CPU = Debug|Any CPU
		Debug|ARM64 = Debug|ARM64
		Debug|x64 = Debug|x64
		Debug|x86 = Debug|x86
		Release|Any CPU = Release|Any CPU
		Release|ARM64 = Release|ARM64
		Release|x64 = Release|x64
		Release|x86 = Release|x86
	EndGlobalSection
	GlobalSection(ProjectConfigurationPlatforms) = postSolution
		{568A75C1-E75D-4245-903B-496DAFE27AF8}.Debug|Any CPU.ActiveCfg = Debug|Any CPU
		{568A75C1-E75D-4245-903B-496DAFE27AF8}.Debug|Any CPU.Build.0 = Debug|Any CPU
		{568A75C1-E75D-4245-903B-496DAFE27AF8}.Debug|ARM64.ActiveCfg = Debug|Any CPU
		{568A75C1-E75D-4245-903B-496DAFE27AF8}.Debug|ARM64.Build.0 = Debug|Any CPU
		{568A75C1-E75D-4245-903B-496DAFE27AF8}.Debug|x64.ActiveCfg = Debug|Any CPU
		{568A75C1-E75D-4245-903B-496DAFE27AF8}.Debug|x64.Build.0 = Debug|Any CPU
		{568A75C1-E75D-4245-903B-496DAFE27AF8}.Debug|x86.ActiveCfg = Debug|Any CPU
		{568A75C1-E75D-4245-903B-496DAFE27AF8}.Debug|x86.Build.0 = Debug|Any CPU
		{568A75C1-E75D-4245-903B-496DAFE27AF8}.Release|Any CPU.ActiveCfg = Release|Any CPU
		{568A75C1-E75D-4245-903B-496DAFE27AF8}.Release|Any CPU.Build.0 = Release|Any CPU
		{568A75C1-E75D-4245-903B-496DAFE27AF8}.Release|ARM64.ActiveCfg = Release|Any CPU
		{568A75C1-E75D-4245-903B-496DAFE27AF8}.Release|ARM64.Build.0 = Release|Any CPU
		{568A75C1-E75D-4245-903B-496DAFE27AF8}.Release|x64.ActiveCfg = Release|Any CPU
		{568A75C1-E75D-4245-903B-496DAFE27AF8}.Release|x64.Build.0 = Release|Any CPU
		{568A75C1-E75D-4245-903B-496DAFE27AF8}.Release|x86.ActiveCfg = Release|Any CPU
		{568A75C1-E75D-4245-903B-496DAFE27AF8}.Release|x86.Build.0 = Release|Any CPU
		{50B50D08-3672-40E1-9848-DC7E4FF54535}.Debug|Any CPU.ActiveCfg = Debug|x64
		{50B50D08-3672-40E1-9848-DC7E4FF54535}.Debug|Any CPU.Build.0 = Debug|x64
		{50B50D08-3672-40E1-9848-DC7E4FF54535}.Debug|ARM64.ActiveCfg = Debug|ARM64
		{50B50D08-3672-40E1-9848-DC7E4FF54535}.Debug|ARM64.Build.0 = Debug|ARM64
		{50B50D08-3672-40E1-9848-DC7E4FF54535}.Debug|x64.ActiveCfg = Debug|x64
		{50B50D08-3672-40E1-9848-DC7E4FF54535}.Debug|x64.Build.0 = Debug|x64
		{50B50D08-3672-40E1-9848-DC7E4FF54535}.Debug|x86.ActiveCfg = Debug|x86
		{50B50D08-3672-40E1-9848-DC7E4FF54535}.Debug|x86.Build.0 = Debug|x86
		{50B50D08-3672-40E1-9848-DC7E4FF54535}.Release|Any CPU.ActiveCfg = Release|x64
		{50B50D08-3672-40E1-9848-DC7E4FF54535}.Release|Any CPU.Build.0 = Release|x64
		{50B50D08-3672-40E1-9848-DC7E4FF54535}.Release|ARM64.ActiveCfg = Release|ARM64
		{50B50D08-3672-40E1-9848-DC7E4FF54535}.Release|ARM64.Build.0 = Release|ARM64
		{50B50D08-3672-40E1-9848-DC7E4FF54535}.Release|x64.ActiveCfg = Release|x64
		{50B50D08-3672-40E1-9848-DC7E4FF54535}.Release|x64.Build.0 = Release|x64
		{50B50D08-3672-40E1-9848-DC7E4FF54535}.Release|x86.ActiveCfg = Release|x86
		{50B50D08-3672-40E1-9848-DC7E4FF54535}.Release|x86.Build.0 = Release|x86
		{EC3466AE-8016-452E-816C-BE9DAF746166}.Debug|Any CPU.ActiveCfg = Debug|x64
		{EC3466AE-8016-452E-816C-BE9DAF746166}.Debug|Any CPU.Build.0 = Debug|x64
		{EC3466AE-8016-452E-816C-BE9DAF746166}.Debug|ARM64.ActiveCfg = Debug|ARM64
		{EC3466AE-8016-452E-816C-BE9DAF746166}.Debug|ARM64.Build.0 = Debug|ARM64
		{EC3466AE-8016-452E-816C-BE9DAF746166}.Debug|x64.ActiveCfg = Debug|x64
		{EC3466AE-8016-452E-816C-BE9DAF746166}.Debug|x64.Build.0 = Debug|x64
		{EC3466AE-8016-452E-816C-BE9DAF746166}.Debug|x86.ActiveCfg = Debug|x86
		{EC3466AE-8016-452E-816C-BE9DAF746166}.Debug|x86.Build.0 = Debug|x86
		{EC3466AE-8016-452E-816C-BE9DAF746166}.Release|Any CPU.ActiveCfg = Release|x64
		{EC3466AE-8016-452E-816C-BE9DAF746166}.Release|Any CPU.Build.0 = Release|x64
		{EC3466AE-8016-452E-816C-BE9DAF746166}.Release|ARM64.ActiveCfg = Release|ARM64
		{EC3466AE-8016-452E-816C-BE9DAF746166}.Release|ARM64.Build.0 = Release|ARM64
		{EC3466AE-8016-452E-816C-BE9DAF746166}.Release|x64.ActiveCfg = Release|x64
		{EC3466AE-8016-452E-816C-BE9DAF746166}.Release|x64.Build.0 = Release|x64
		{EC3466AE-8016-452E-816C-BE9DAF746166}.Release|x86.ActiveCfg = Release|x86
		{EC3466AE-8016-452E-816C-BE9DAF746166}.Release|x86.Build.0 = Release|x86
		{C582E7C7-D75F-4106-ADB0-518C54C454F6}.Debug|Any CPU.ActiveCfg = Debug|Any CPU
		{C582E7C7-D75F-4106-ADB0-518C54C454F6}.Debug|Any CPU.Build.0 = Debug|Any CPU
		{C582E7C7-D75F-4106-ADB0-518C54C454F6}.Debug|ARM64.ActiveCfg = Debug|Any CPU
		{C582E7C7-D75F-4106-ADB0-518C54C454F6}.Debug|ARM64.Build.0 = Debug|Any CPU
		{C582E7C7-D75F-4106-ADB0-518C54C454F6}.Debug|x64.ActiveCfg = Debug|Any CPU
		{C582E7C7-D75F-4106-ADB0-518C54C454F6}.Debug|x64.Build.0 = Debug|Any CPU
		{C582E7C7-D75F-4106-ADB0-518C54C454F6}.Debug|x86.ActiveCfg = Debug|Any CPU
		{C582E7C7-D75F-4106-ADB0-518C54C454F6}.Debug|x86.Build.0 = Debug|Any CPU
		{C582E7C7-D75F-4106-ADB0-518C54C454F6}.Release|Any CPU.ActiveCfg = Release|Any CPU
		{C582E7C7-D75F-4106-ADB0-518C54C454F6}.Release|Any CPU.Build.0 = Release|Any CPU
		{C582E7C7-D75F-4106-ADB0-518C54C454F6}.Release|ARM64.ActiveCfg = Release|Any CPU
		{C582E7C7-D75F-4106-ADB0-518C54C454F6}.Release|ARM64.Build.0 = Release|Any CPU
		{C582E7C7-D75F-4106-ADB0-518C54C454F6}.Release|x64.ActiveCfg = Release|Any CPU
		{C582E7C7-D75F-4106-ADB0-518C54C454F6}.Release|x64.Build.0 = Release|Any CPU
		{C582E7C7-D75F-4106-ADB0-518C54C454F6}.Release|x86.ActiveCfg = Release|Any CPU
		{C582E7C7-D75F-4106-ADB0-518C54C454F6}.Release|x86.Build.0 = Release|Any CPU
	EndGlobalSection
	GlobalSection(SolutionProperties) = preSolution
		HideSolutionNode = FALSE
	EndGlobalSection
	GlobalSection(ExtensibilityGlobals) = postSolution
		SolutionGuid = {50D3955A-D54D-4F73-AD8D-A28B07EDF4DA}
	EndGlobalSection
EndGlobal
