
Microsoft Visual Studio Solution File, Format Version 12.00
# Visual Studio Version 17
VisualStudioVersion = 17.10.35013.160
MinimumVisualStudioVersion = 10.0.40219.1
Project("{B7DD6F7E-DEF8-4E67-B5B7-07EF123DB6F0}") = "BundleNotifMe", "04_BundleSetupNotifMe\BundleNotifMe.wixproj", "{EC3466AE-8016-452E-816C-BE9DAF746166}"
EndProject
Project("{FAE04EC0-301F-11D3-BF4B-00C04F79EFBC}") = "NotifMe", "01_NotifMe\NotifMe.csproj", "{DFAA6183-BFC2-25B4-5D52-210E99B14302}"
EndProject
Project("{FAE04EC0-301F-11D3-BF4B-00C04F79EFBC}") = "NtfyService", "02_NtfyService\NtfyService.csproj", "{C582E7C7-D75F-4106-ADB0-518C54C454F6}"
EndProject
Project("{B7DD6F7E-DEF8-4E67-B5B7-07EF123DB6F0}") = "SetupNotifMe", "03_SetupNotifMe\SetupNotifMe.wixproj", "{DCC45830-878F-6A3B-882C-2400621843C0}"
EndProject
Global
	GlobalSection(SolutionConfigurationPlatforms) = preSolution
		Debug|Any CPU = Debug|Any CPU
		Debug|ARM64 = Debug|ARM64
		Debug|x64 = Debug|x64
		Debug|x86 = Debug|x86
		Release|Any CPU = Release|Any CPU
		Release|ARM64 = Release|ARM64
		Release|x64 = Release|x64
		Release|x86 = Release|x86
	EndGlobalSection
	GlobalSection(ProjectConfigurationPlatforms) = postSolution
		{EC3466AE-8016-452E-816C-BE9DAF746166}.Debug|Any CPU.ActiveCfg = Debug|x64
		{EC3466AE-8016-452E-816C-BE9DAF746166}.Debug|Any CPU.Build.0 = Debug|x64
		{EC3466AE-8016-452E-816C-BE9DAF746166}.Debug|ARM64.ActiveCfg = Debug|ARM64
		{EC3466AE-8016-452E-816C-BE9DAF746166}.Debug|ARM64.Build.0 = Debug|ARM64
		{EC3466AE-8016-452E-816C-BE9DAF746166}.Debug|x64.ActiveCfg = Debug|x64
		{EC3466AE-8016-452E-816C-BE9DAF746166}.Debug|x64.Build.0 = Debug|x64
		{EC3466AE-8016-452E-816C-BE9DAF746166}.Debug|x86.ActiveCfg = Debug|x86
		{EC3466AE-8016-452E-816C-BE9DAF746166}.Debug|x86.Build.0 = Debug|x86
		{EC3466AE-8016-452E-816C-BE9DAF746166}.Release|Any CPU.ActiveCfg = Release|x64
		{EC3466AE-8016-452E-816C-BE9DAF746166}.Release|Any CPU.Build.0 = Release|x64
		{EC3466AE-8016-452E-816C-BE9DAF746166}.Release|ARM64.ActiveCfg = Release|ARM64
		{EC3466AE-8016-452E-816C-BE9DAF746166}.Release|ARM64.Build.0 = Release|ARM64
		{EC3466AE-8016-452E-816C-BE9DAF746166}.Release|x64.ActiveCfg = Release|x64
		{EC3466AE-8016-452E-816C-BE9DAF746166}.Release|x64.Build.0 = Release|x64
		{EC3466AE-8016-452E-816C-BE9DAF746166}.Release|x86.ActiveCfg = Release|x86
		{EC3466AE-8016-452E-816C-BE9DAF746166}.Release|x86.Build.0 = Release|x86
		{DFAA6183-BFC2-25B4-5D52-210E99B14302}.Debug|Any CPU.ActiveCfg = Debug|Any CPU
		{DFAA6183-BFC2-25B4-5D52-210E99B14302}.Debug|Any CPU.Build.0 = Debug|Any CPU
		{DFAA6183-BFC2-25B4-5D52-210E99B14302}.Debug|ARM64.ActiveCfg = Debug|Any CPU
		{DFAA6183-BFC2-25B4-5D52-210E99B14302}.Debug|ARM64.Build.0 = Debug|Any CPU
		{DFAA6183-BFC2-25B4-5D52-210E99B14302}.Debug|x64.ActiveCfg = Debug|Any CPU
		{DFAA6183-BFC2-25B4-5D52-210E99B14302}.Debug|x64.Build.0 = Debug|Any CPU
		{DFAA6183-BFC2-25B4-5D52-210E99B14302}.Debug|x86.ActiveCfg = Debug|Any CPU
		{DFAA6183-BFC2-25B4-5D52-210E99B14302}.Debug|x86.Build.0 = Debug|Any CPU
		{DFAA6183-BFC2-25B4-5D52-210E99B14302}.Release|Any CPU.ActiveCfg = Release|Any CPU
		{DFAA6183-BFC2-25B4-5D52-210E99B14302}.Release|Any CPU.Build.0 = Release|Any CPU
		{DFAA6183-BFC2-25B4-5D52-210E99B14302}.Release|ARM64.ActiveCfg = Release|Any CPU
		{DFAA6183-BFC2-25B4-5D52-210E99B14302}.Release|ARM64.Build.0 = Release|Any CPU
		{DFAA6183-BFC2-25B4-5D52-210E99B14302}.Release|x64.ActiveCfg = Release|Any CPU
		{DFAA6183-BFC2-25B4-5D52-210E99B14302}.Release|x64.Build.0 = Release|Any CPU
		{DFAA6183-BFC2-25B4-5D52-210E99B14302}.Release|x86.ActiveCfg = Release|Any CPU
		{DFAA6183-BFC2-25B4-5D52-210E99B14302}.Release|x86.Build.0 = Release|Any CPU
		{C582E7C7-D75F-4106-ADB0-518C54C454F6}.Debug|Any CPU.ActiveCfg = Debug|Any CPU
		{C582E7C7-D75F-4106-ADB0-518C54C454F6}.Debug|Any CPU.Build.0 = Debug|Any CPU
		{C582E7C7-D75F-4106-ADB0-518C54C454F6}.Debug|ARM64.ActiveCfg = Debug|Any CPU
		{C582E7C7-D75F-4106-ADB0-518C54C454F6}.Debug|ARM64.Build.0 = Debug|Any CPU
		{C582E7C7-D75F-4106-ADB0-518C54C454F6}.Debug|x64.ActiveCfg = Debug|Any CPU
		{C582E7C7-D75F-4106-ADB0-518C54C454F6}.Debug|x64.Build.0 = Debug|Any CPU
		{C582E7C7-D75F-4106-ADB0-518C54C454F6}.Debug|x86.ActiveCfg = Debug|Any CPU
		{C582E7C7-D75F-4106-ADB0-518C54C454F6}.Debug|x86.Build.0 = Debug|Any CPU
		{C582E7C7-D75F-4106-ADB0-518C54C454F6}.Release|Any CPU.ActiveCfg = Release|Any CPU
		{C582E7C7-D75F-4106-ADB0-518C54C454F6}.Release|Any CPU.Build.0 = Release|Any CPU
		{C582E7C7-D75F-4106-ADB0-518C54C454F6}.Release|ARM64.ActiveCfg = Release|Any CPU
		{C582E7C7-D75F-4106-ADB0-518C54C454F6}.Release|ARM64.Build.0 = Release|Any CPU
		{C582E7C7-D75F-4106-ADB0-518C54C454F6}.Release|x64.ActiveCfg = Release|Any CPU
		{C582E7C7-D75F-4106-ADB0-518C54C454F6}.Release|x64.Build.0 = Release|Any CPU
		{C582E7C7-D75F-4106-ADB0-518C54C454F6}.Release|x86.ActiveCfg = Release|Any CPU
		{C582E7C7-D75F-4106-ADB0-518C54C454F6}.Release|x86.Build.0 = Release|Any CPU
		{DCC45830-878F-6A3B-882C-2400621843C0}.Debug|Any CPU.ActiveCfg = Debug|x64
		{DCC45830-878F-6A3B-882C-2400621843C0}.Debug|Any CPU.Build.0 = Debug|x64
		{DCC45830-878F-6A3B-882C-2400621843C0}.Debug|ARM64.ActiveCfg = Debug|ARM64
		{DCC45830-878F-6A3B-882C-2400621843C0}.Debug|ARM64.Build.0 = Debug|ARM64
		{DCC45830-878F-6A3B-882C-2400621843C0}.Debug|x64.ActiveCfg = Debug|x64
		{DCC45830-878F-6A3B-882C-2400621843C0}.Debug|x64.Build.0 = Debug|x64
		{DCC45830-878F-6A3B-882C-2400621843C0}.Debug|x86.ActiveCfg = Debug|x86
		{DCC45830-878F-6A3B-882C-2400621843C0}.Debug|x86.Build.0 = Debug|x86
		{DCC45830-878F-6A3B-882C-2400621843C0}.Release|Any CPU.ActiveCfg = Release|x64
		{DCC45830-878F-6A3B-882C-2400621843C0}.Release|Any CPU.Build.0 = Release|x64
		{DCC45830-878F-6A3B-882C-2400621843C0}.Release|ARM64.ActiveCfg = Release|ARM64
		{DCC45830-878F-6A3B-882C-2400621843C0}.Release|ARM64.Build.0 = Release|ARM64
		{DCC45830-878F-6A3B-882C-2400621843C0}.Release|x64.ActiveCfg = Release|x64
		{DCC45830-878F-6A3B-882C-2400621843C0}.Release|x64.Build.0 = Release|x64
		{DCC45830-878F-6A3B-882C-2400621843C0}.Release|x86.ActiveCfg = Release|x86
		{DCC45830-878F-6A3B-882C-2400621843C0}.Release|x86.Build.0 = Release|x86
	EndGlobalSection
	GlobalSection(SolutionProperties) = preSolution
		HideSolutionNode = FALSE
	EndGlobalSection
	GlobalSection(ExtensibilityGlobals) = postSolution
		SolutionGuid = {50D3955A-D54D-4F73-AD8D-A28B07EDF4DA}
	EndGlobalSection
EndGlobal
